
Microsoft Visual Studio Solution File, Format Version 12.00
# Visual Studio 15
VisualStudioVersion = 15.0.28307.271
MinimumVisualStudioVersion = 10.0.40219.1
Project("{FAE04EC0-301F-11D3-BF4B-00C04F79EFBC}") = "Validator", "Validator\Validator.csproj", "{267C61C5-C7F8-485C-BA91-4721956E7580}"
EndProject
Project("{FAE04EC0-301F-11D3-BF4B-00C04F79EFBC}") = "Validator.Tests", "Validator.Tests\Validator.Tests.csproj", "{B4BEC9A6-137A-45F4-BF64-21EDE7410F02}"
EndProject
Project("{2150E333-8FDC-42A3-9474-1A3956D46DE8}") = "Examples", "Examples", "{97B69EB9-F9E8-4FFB-B7FE-E03819B1153E}"
EndProject
Project("{FAE04EC0-301F-11D3-BF4B-00C04F79EFBC}") = "Validator.Example.App", "Validator.Example.App\Validator.Example.App.csproj", "{FDFDDF04-23FF-4A45-9293-1DD2ACFC7B23}"
EndProject
Project("{FAE04EC0-301F-11D3-BF4B-00C04F79EFBC}") = "Validator.Example.App.Tests", "Validator.Example.App.Tests\Validator.Example.App.Tests.csproj", "{95362E08-080E-442A-BC6F-E626A3A6E02A}"
EndProject
Project("{FAE04EC0-301F-11D3-BF4B-00C04F79EFBC}") = "Validator.Docs", "Validator.Docs\Validator.Docs.csproj", "{6C87E5C4-16A4-47AF-AF2F-73FAE5D8C0E2}"
EndProject
Global
	GlobalSection(SolutionConfigurationPlatforms) = preSolution
		Debug|Any CPU = Debug|Any CPU
		Documentation|Any CPU = Documentation|Any CPU
		Release|Any CPU = Release|Any CPU
	EndGlobalSection
	GlobalSection(ProjectConfigurationPlatforms) = postSolution
		{267C61C5-C7F8-485C-BA91-4721956E7580}.Debug|Any CPU.ActiveCfg = Debug|Any CPU
		{267C61C5-C7F8-485C-BA91-4721956E7580}.Debug|Any CPU.Build.0 = Debug|Any CPU
		{267C61C5-C7F8-485C-BA91-4721956E7580}.Documentation|Any CPU.ActiveCfg = Documentation|Any CPU
		{267C61C5-C7F8-485C-BA91-4721956E7580}.Documentation|Any CPU.Build.0 = Documentation|Any CPU
		{267C61C5-C7F8-485C-BA91-4721956E7580}.Release|Any CPU.ActiveCfg = Release|Any CPU
		{267C61C5-C7F8-485C-BA91-4721956E7580}.Release|Any CPU.Build.0 = Release|Any CPU
		{B4BEC9A6-137A-45F4-BF64-21EDE7410F02}.Debug|Any CPU.ActiveCfg = Debug|Any CPU
		{B4BEC9A6-137A-45F4-BF64-21EDE7410F02}.Debug|Any CPU.Build.0 = Debug|Any CPU
		{B4BEC9A6-137A-45F4-BF64-21EDE7410F02}.Documentation|Any CPU.ActiveCfg = Documentation|Any CPU
		{B4BEC9A6-137A-45F4-BF64-21EDE7410F02}.Release|Any CPU.ActiveCfg = Release|Any CPU
		{B4BEC9A6-137A-45F4-BF64-21EDE7410F02}.Release|Any CPU.Build.0 = Release|Any CPU
		{FDFDDF04-23FF-4A45-9293-1DD2ACFC7B23}.Debug|Any CPU.ActiveCfg = Debug|Any CPU
		{FDFDDF04-23FF-4A45-9293-1DD2ACFC7B23}.Debug|Any CPU.Build.0 = Debug|Any CPU
		{FDFDDF04-23FF-4A45-9293-1DD2ACFC7B23}.Documentation|Any CPU.ActiveCfg = Documentation|Any CPU
		{FDFDDF04-23FF-4A45-9293-1DD2ACFC7B23}.Release|Any CPU.ActiveCfg = Release|Any CPU
		{FDFDDF04-23FF-4A45-9293-1DD2ACFC7B23}.Release|Any CPU.Build.0 = Release|Any CPU
		{95362E08-080E-442A-BC6F-E626A3A6E02A}.Debug|Any CPU.ActiveCfg = Debug|Any CPU
		{95362E08-080E-442A-BC6F-E626A3A6E02A}.Debug|Any CPU.Build.0 = Debug|Any CPU
		{95362E08-080E-442A-BC6F-E626A3A6E02A}.Documentation|Any CPU.ActiveCfg = Documentation|Any CPU
		{95362E08-080E-442A-BC6F-E626A3A6E02A}.Release|Any CPU.ActiveCfg = Release|Any CPU
		{95362E08-080E-442A-BC6F-E626A3A6E02A}.Release|Any CPU.Build.0 = Release|Any CPU
		{6C87E5C4-16A4-47AF-AF2F-73FAE5D8C0E2}.Debug|Any CPU.ActiveCfg = Debug|Any CPU
		{6C87E5C4-16A4-47AF-AF2F-73FAE5D8C0E2}.Documentation|Any CPU.ActiveCfg = Documentation|Any CPU
		{6C87E5C4-16A4-47AF-AF2F-73FAE5D8C0E2}.Documentation|Any CPU.Build.0 = Documentation|Any CPU
		{6C87E5C4-16A4-47AF-AF2F-73FAE5D8C0E2}.Release|Any CPU.ActiveCfg = Release|Any CPU
	EndGlobalSection
	GlobalSection(SolutionProperties) = preSolution
		HideSolutionNode = FALSE
	EndGlobalSection
	GlobalSection(NestedProjects) = preSolution
		{FDFDDF04-23FF-4A45-9293-1DD2ACFC7B23} = {97B69EB9-F9E8-4FFB-B7FE-E03819B1153E}
		{95362E08-080E-442A-BC6F-E626A3A6E02A} = {97B69EB9-F9E8-4FFB-B7FE-E03819B1153E}
	EndGlobalSection
	GlobalSection(ExtensibilityGlobals) = postSolution
		SolutionGuid = {DD214827-681B-4B3C-97D3-0EC9CB0C7195}
	EndGlobalSection
EndGlobal
